
Microsoft Visual Studio Solution File, Format Version 12.00
# Visual Studio Version 16
VisualStudioVersion = 16.0.31605.320
MinimumVisualStudioVersion = 10.0.40219.1
Project("{FAE04EC0-301F-11D3-BF4B-00C04F79EFBC}") = "WebApp 1", "WebApp 1\WebApp 1.csproj", "{EABC29BC-D7BF-455F-9A16-4D80A7FA83D3}"
EndProject
Global
	GlobalSection(SolutionConfigurationPlatforms) = preSolution
		Debug|Any CPU = Debug|Any CPU
		Release|Any CPU = Release|Any CPU
	EndGlobalSection
	GlobalSection(ProjectConfigurationPlatforms) = postSolution
		{EABC29BC-D7BF-455F-9A16-4D80A7FA83D3}.Debug|Any CPU.ActiveCfg = Debug|Any CPU
		{EABC29BC-D7BF-455F-9A16-4D80A7FA83D3}.Debug|Any CPU.Build.0 = Debug|Any CPU
		{EABC29BC-D7BF-455F-9A16-4D80A7FA83D3}.Release|Any CPU.ActiveCfg = Release|Any CPU
		{EABC29BC-D7BF-455F-9A16-4D80A7FA83D3}.Release|Any CPU.Build.0 = Release|Any CPU
	EndGlobalSection
	GlobalSection(SolutionProperties) = preSolution
		HideSolutionNode = FALSE
	EndGlobalSection
	GlobalSection(ExtensibilityGlobals) = postSolution
		SolutionGuid = {E08F3628-3432-49C8-BF0B-B4D53EF5DD7F}
	EndGlobalSection
EndGlobal
