
Microsoft Visual Studio Solution File, Format Version 12.00
# Visual Studio Version 16
VisualStudioVersion = 16.0.31624.102
MinimumVisualStudioVersion = 10.0.40219.1
Project("{FAE04EC0-301F-11D3-BF4B-00C04F79EFBC}") = "MovieApp", "MovieApp\MovieApp.csproj", "{14533405-58BE-4C40-B6AB-BB819BE84F78}"
EndProject
Global
	GlobalSection(SolutionConfigurationPlatforms) = preSolution
		Debug|Any CPU = Debug|Any CPU
		Release|Any CPU = Release|Any CPU
	EndGlobalSection
	GlobalSection(ProjectConfigurationPlatforms) = postSolution
		{14533405-58BE-4C40-B6AB-BB819BE84F78}.Debug|Any CPU.ActiveCfg = Debug|Any CPU
		{14533405-58BE-4C40-B6AB-BB819BE84F78}.Debug|Any CPU.Build.0 = Debug|Any CPU
		{14533405-58BE-4C40-B6AB-BB819BE84F78}.Release|Any CPU.ActiveCfg = Release|Any CPU
		{14533405-58BE-4C40-B6AB-BB819BE84F78}.Release|Any CPU.Build.0 = Release|Any CPU
	EndGlobalSection
	GlobalSection(SolutionProperties) = preSolution
		HideSolutionNode = FALSE
	EndGlobalSection
	GlobalSection(ExtensibilityGlobals) = postSolution
		SolutionGuid = {D875F7F9-E776-40AD-8BCB-ED28AF975D49}
	EndGlobalSection
EndGlobal
