
Microsoft Visual Studio Solution File, Format Version 12.00
# Visual Studio Version 16
VisualStudioVersion = 16.0.31424.327
MinimumVisualStudioVersion = 10.0.40219.1
Project("{FAE04EC0-301F-11D3-BF4B-00C04F79EFBC}") = "LoginApp", "LoginApp\LoginApp.csproj", "{2DEC0493-A7D1-4827-B252-F57DF85BABD1}"
EndProject
Global
	GlobalSection(SolutionConfigurationPlatforms) = preSolution
		Debug|Any CPU = Debug|Any CPU
		Release|Any CPU = Release|Any CPU
	EndGlobalSection
	GlobalSection(ProjectConfigurationPlatforms) = postSolution
		{2DEC0493-A7D1-4827-B252-F57DF85BABD1}.Debug|Any CPU.ActiveCfg = Debug|Any CPU
		{2DEC0493-A7D1-4827-B252-F57DF85BABD1}.Debug|Any CPU.Build.0 = Debug|Any CPU
		{2DEC0493-A7D1-4827-B252-F57DF85BABD1}.Release|Any CPU.ActiveCfg = Release|Any CPU
		{2DEC0493-A7D1-4827-B252-F57DF85BABD1}.Release|Any CPU.Build.0 = Release|Any CPU
	EndGlobalSection
	GlobalSection(SolutionProperties) = preSolution
		HideSolutionNode = FALSE
	EndGlobalSection
	GlobalSection(ExtensibilityGlobals) = postSolution
		SolutionGuid = {57B7749B-B40E-48F1-B4F6-2746498C97EE}
	EndGlobalSection
EndGlobal
