
Microsoft Visual Studio Solution File, Format Version 12.00
# Visual Studio Version 16
VisualStudioVersion = 16.0.31424.327
MinimumVisualStudioVersion = 10.0.40219.1
Project("{FAE04EC0-301F-11D3-BF4B-00C04F79EFBC}") = "ATM.Domain", "ATM.Domain\ATM.Domain.csproj", "{6266586E-627D-4635-85F3-BCBD720AEF2C}"
EndProject
Global
	GlobalSection(SolutionConfigurationPlatforms) = preSolution
		Debug|Any CPU = Debug|Any CPU
		Release|Any CPU = Release|Any CPU
	EndGlobalSection
	GlobalSection(ProjectConfigurationPlatforms) = postSolution
		{6266586E-627D-4635-85F3-BCBD720AEF2C}.Debug|Any CPU.ActiveCfg = Debug|Any CPU
		{6266586E-627D-4635-85F3-BCBD720AEF2C}.Debug|Any CPU.Build.0 = Debug|Any CPU
		{6266586E-627D-4635-85F3-BCBD720AEF2C}.Release|Any CPU.ActiveCfg = Release|Any CPU
		{6266586E-627D-4635-85F3-BCBD720AEF2C}.Release|Any CPU.Build.0 = Release|Any CPU
	EndGlobalSection
	GlobalSection(SolutionProperties) = preSolution
		HideSolutionNode = FALSE
	EndGlobalSection
	GlobalSection(ExtensibilityGlobals) = postSolution
		SolutionGuid = {84ADE02F-9E83-4716-AD2F-10BC19D2FC5F}
	EndGlobalSection
EndGlobal
