
Microsoft Visual Studio Solution File, Format Version 12.00
# Visual Studio Version 16
VisualStudioVersion = 16.0.31424.327
MinimumVisualStudioVersion = 10.0.40219.1
Project("{FAE04EC0-301F-11D3-BF4B-00C04F79EFBC}") = "DelegatesPractice", "DelegatesPractice\DelegatesPractice.csproj", "{9FCF5121-559D-4E59-BD2B-6E03A064981D}"
EndProject
Global
	GlobalSection(SolutionConfigurationPlatforms) = preSolution
		Debug|Any CPU = Debug|Any CPU
		Release|Any CPU = Release|Any CPU
	EndGlobalSection
	GlobalSection(ProjectConfigurationPlatforms) = postSolution
		{9FCF5121-559D-4E59-BD2B-6E03A064981D}.Debug|Any CPU.ActiveCfg = Debug|Any CPU
		{9FCF5121-559D-4E59-BD2B-6E03A064981D}.Debug|Any CPU.Build.0 = Debug|Any CPU
		{9FCF5121-559D-4E59-BD2B-6E03A064981D}.Release|Any CPU.ActiveCfg = Release|Any CPU
		{9FCF5121-559D-4E59-BD2B-6E03A064981D}.Release|Any CPU.Build.0 = Release|Any CPU
	EndGlobalSection
	GlobalSection(SolutionProperties) = preSolution
		HideSolutionNode = FALSE
	EndGlobalSection
	GlobalSection(ExtensibilityGlobals) = postSolution
		SolutionGuid = {33C1CFF1-3DBC-409C-96FD-6F943EFBCE4F}
	EndGlobalSection
EndGlobal
