
Microsoft Visual Studio Solution File, Format Version 12.00
# Visual Studio Version 16
VisualStudioVersion = 16.0.31424.327
MinimumVisualStudioVersion = 10.0.40219.1
Project("{FAE04EC0-301F-11D3-BF4B-00C04F79EFBC}") = "CollectionPractice", "CollectionPractice\CollectionPractice.csproj", "{D148DBC8-6965-4D4B-8DD4-178579DA4697}"
EndProject
Global
	GlobalSection(SolutionConfigurationPlatforms) = preSolution
		Debug|Any CPU = Debug|Any CPU
		Release|Any CPU = Release|Any CPU
	EndGlobalSection
	GlobalSection(ProjectConfigurationPlatforms) = postSolution
		{D148DBC8-6965-4D4B-8DD4-178579DA4697}.Debug|Any CPU.ActiveCfg = Debug|Any CPU
		{D148DBC8-6965-4D4B-8DD4-178579DA4697}.Debug|Any CPU.Build.0 = Debug|Any CPU
		{D148DBC8-6965-4D4B-8DD4-178579DA4697}.Release|Any CPU.ActiveCfg = Release|Any CPU
		{D148DBC8-6965-4D4B-8DD4-178579DA4697}.Release|Any CPU.Build.0 = Release|Any CPU
	EndGlobalSection
	GlobalSection(SolutionProperties) = preSolution
		HideSolutionNode = FALSE
	EndGlobalSection
	GlobalSection(ExtensibilityGlobals) = postSolution
		SolutionGuid = {9B59F9EB-936A-4F31-A3BF-5EF46C9C8696}
	EndGlobalSection
EndGlobal
